
Microsoft Visual Studio Solution File, Format Version 12.00
# Visual Studio 15
Project("{FAE04EC0-301F-11D3-BF4B-00C04F79EFBC}") = "Exercice", "Exercice\Exercice.csproj", "{B0E0A683-FF15-41C7-AC66-337B25171D7B}"
EndProject
Global
	GlobalSection(SolutionConfigurationPlatforms) = preSolution
		Debug|Any CPU = Debug|Any CPU
		Release|Any CPU = Release|Any CPU
	EndGlobalSection
	GlobalSection(ProjectConfigurationPlatforms) = postSolution
		{B0E0A683-FF15-41C7-AC66-337B25171D7B}.Debug|Any CPU.ActiveCfg = Debug|Any CPU
		{B0E0A683-FF15-41C7-AC66-337B25171D7B}.Debug|Any CPU.Build.0 = Debug|Any CPU
		{B0E0A683-FF15-41C7-AC66-337B25171D7B}.Release|Any CPU.ActiveCfg = Release|Any CPU
		{B0E0A683-FF15-41C7-AC66-337B25171D7B}.Release|Any CPU.Build.0 = Release|Any CPU
	EndGlobalSection
EndGlobal
